Microsoft Visual Studio Solution File, Format Version 11.00
# Visual Studio 2008

Project("{F3A60116-5CCA-5691-B223-6EC2221F3D09}") = "DADIU-MGP-1", "Assembly-CSharp.csproj", "{8D1D321A-2065-CB37-D7FE-36BAF81D8278}"
EndProject
Global
	GlobalSection(SolutionConfigurationPlatforms) = preSolution
		Debug|Any CPU = Debug|Any CPU
		Release|Any CPU = Release|Any CPU
	EndGlobalSection
	GlobalSection(ProjectConfigurationPlatforms) = postSolution
		{8D1D321A-2065-CB37-D7FE-36BAF81D8278}.Debug|Any CPU.ActiveCfg = Debug|Any CPU
		{8D1D321A-2065-CB37-D7FE-36BAF81D8278}.Debug|Any CPU.Build.0 = Debug|Any CPU
		{8D1D321A-2065-CB37-D7FE-36BAF81D8278}.Release|Any CPU.ActiveCfg = Release|Any CPU
		{8D1D321A-2065-CB37-D7FE-36BAF81D8278}.Release|Any CPU.Build.0 = Release|Any CPU
	EndGlobalSection
	GlobalSection(SolutionProperties) = preSolution
		HideSolutionNode = FALSE
	EndGlobalSection
	GlobalSection(MonoDevelopProperties) = preSolution
		StartupItem = Assembly-CSharp.csproj
	EndGlobalSection
EndGlobal
